
Microsoft Visual Studio Solution File, Format Version 12.00
# Visual Studio Version 17
VisualStudioVersion = 17.5.002.0
MinimumVisualStudioVersion = 10.0.40219.1
Project("{9A19103F-16F7-4668-BE54-9A1E7A4F7556}") = "mfa-cli-csharp", "mfa-cli-csharp.csproj", "{699C0B4C-9A8B-4F74-9641-773B98FE697D}"
EndProject
Global
	GlobalSection(SolutionConfigurationPlatforms) = preSolution
		Debug|Any CPU = Debug|Any CPU
		Release|Any CPU = Release|Any CPU
	EndGlobalSection
	GlobalSection(ProjectConfigurationPlatforms) = postSolution
		{699C0B4C-9A8B-4F74-9641-773B98FE697D}.Debug|Any CPU.ActiveCfg = Debug|Any CPU
		{699C0B4C-9A8B-4F74-9641-773B98FE697D}.Debug|Any CPU.Build.0 = Debug|Any CPU
		{699C0B4C-9A8B-4F74-9641-773B98FE697D}.Release|Any CPU.ActiveCfg = Release|Any CPU
		{699C0B4C-9A8B-4F74-9641-773B98FE697D}.Release|Any CPU.Build.0 = Release|Any CPU
	EndGlobalSection
	GlobalSection(SolutionProperties) = preSolution
		HideSolutionNode = FALSE
	EndGlobalSection
	GlobalSection(ExtensibilityGlobals) = postSolution
		SolutionGuid = {53633805-16FD-4BDC-A42D-18BDDD9F0ECB}
	EndGlobalSection
EndGlobal
